
Microsoft Visual Studio Solution File, Format Version 12.00
# Visual Studio 15
VisualStudioVersion = 15.0.27703.2026
MinimumVisualStudioVersion = 10.0.40219.1
Project("{FAE04EC0-301F-11D3-BF4B-00C04F79EFBC}") = "SMSApp", "SMSApp\SMSApp.csproj", "{9B4713CD-6D88-47D4-A21E-EBE65F289F68}"
EndProject
Project("{2150E333-8FDC-42A3-9474-1A3956D46DE8}") = "Solution Items", "Solution Items", "{44423174-0F57-4E1A-A4DB-244591A6A50B}"
	ProjectSection(SolutionItems) = preProject
		StyleSheet1.css = StyleSheet1.css
	EndProjectSection
EndProject
Global
	GlobalSection(SolutionConfigurationPlatforms) = preSolution
		Debug|Any CPU = Debug|Any CPU
		Release|Any CPU = Release|Any CPU
	EndGlobalSection
	GlobalSection(ProjectConfigurationPlatforms) = postSolution
		{9B4713CD-6D88-47D4-A21E-EBE65F289F68}.Debug|Any CPU.ActiveCfg = Debug|Any CPU
		{9B4713CD-6D88-47D4-A21E-EBE65F289F68}.Debug|Any CPU.Build.0 = Debug|Any CPU
		{9B4713CD-6D88-47D4-A21E-EBE65F289F68}.Release|Any CPU.ActiveCfg = Release|Any CPU
		{9B4713CD-6D88-47D4-A21E-EBE65F289F68}.Release|Any CPU.Build.0 = Release|Any CPU
	EndGlobalSection
	GlobalSection(SolutionProperties) = preSolution
		HideSolutionNode = FALSE
	EndGlobalSection
	GlobalSection(ExtensibilityGlobals) = postSolution
		SolutionGuid = {5FFB4FA6-F9AA-4BD3-A8E2-044999B83ADB}
	EndGlobalSection
EndGlobal
